// !$*UTF8*$!
{
	archiveVersion = 1;
	classes = {
	};
	objectVersion = 46;
	objects = {

/* Begin PBXBuildFile section */
		0DB89ADA1B6F362900838E4F /* CatchFlickViewController.swift in Sources */ = {isa = PBXBuildFile; fileRef = 0DB89AD91B6F362900838E4F /* CatchFlickViewController.swift */; };
		2060B4FAADB38FA3C39F6155 /* Pods.framework in Frameworks */ = {isa = PBXBuildFile; fileRef = 2E80A2B2C800EB0290C643FD /* Pods.framework */; settings = {ATTRIBUTES = (Weak, ); }; };
		2D2FC3721B6F09CB000793A3 /* json.swift in Sources */ = {isa = PBXBuildFile; fileRef = 2D2FC3711B6F09CB000793A3 /* json.swift */; };
		2D498F3F1B6DD6CD00461969 /* FlickViewController.swift in Sources */ = {isa = PBXBuildFile; fileRef = 2D498F3E1B6DD6CD00461969 /* FlickViewController.swift */; };
		2D782F471B6DC3C400994A95 /* AppDelegate.swift in Sources */ = {isa = PBXBuildFile; fileRef = 2D782F461B6DC3C400994A95 /* AppDelegate.swift */; };
		2D782F491B6DC3C400994A95 /* ViewController.swift in Sources */ = {isa = PBXBuildFile; fileRef = 2D782F481B6DC3C400994A95 /* ViewController.swift */; };
		2D782F4C1B6DC3C400994A95 /* Main.storyboard in Resources */ = {isa = PBXBuildFile; fileRef = 2D782F4A1B6DC3C400994A95 /* Main.storyboard */; };
		2D782F4E1B6DC3C400994A95 /* Images.xcassets in Resources */ = {isa = PBXBuildFile; fileRef = 2D782F4D1B6DC3C400994A95 /* Images.xcassets */; };
		2D782F511B6DC3C400994A95 /* LaunchScreen.xib in Resources */ = {isa = PBXBuildFile; fileRef = 2D782F4F1B6DC3C400994A95 /* LaunchScreen.xib */; };
		2D782F5D1B6DC3C500994A95 /* FlickTests.swift in Sources */ = {isa = PBXBuildFile; fileRef = 2D782F5C1B6DC3C500994A95 /* FlickTests.swift */; };
		2DBDDC341B6DDF22004AD039 /* ZLSwipeableView.swift in Sources */ = {isa = PBXBuildFile; fileRef = 2DBDDC331B6DDF22004AD039 /* ZLSwipeableView.swift */; };
		2DBDDC361B6DDF5A004AD039 /* CardView.swift in Sources */ = {isa = PBXBuildFile; fileRef = 2DBDDC351B6DDF5A004AD039 /* CardView.swift */; };
/* End PBXBuildFile section */

/* Begin PBXContainerItemProxy section */
		2D782F571B6DC3C500994A95 /* PBXContainerItemProxy */ = {
			isa = PBXContainerItemProxy;
			containerPortal = 2D782F391B6DC3C400994A95 /* Project object */;
			proxyType = 1;
			remoteGlobalIDString = 2D782F401B6DC3C400994A95;
			remoteInfo = Flick;
		};
/* End PBXContainerItemProxy section */

/* Begin PBXFileReference section */
		0DB89AD91B6F362900838E4F /* CatchFlickViewController.swift */ = {isa = PBXFileReference; fileEncoding = 4; lastKnownFileType = sourcecode.swift; path = CatchFlickViewController.swift; sourceTree = "<group>"; };
		2D2FC3711B6F09CB000793A3 /* json.swift */ = {isa = PBXFileReference; fileEncoding = 4; lastKnownFileType = sourcecode.swift; path = json.swift; sourceTree = "<group>"; };
		2D498F3E1B6DD6CD00461969 /* FlickViewController.swift */ = {isa = PBXFileReference; fileEncoding = 4; lastKnownFileType = sourcecode.swift; path = FlickViewController.swift; sourceTree = "<group>"; };
		2D782F411B6DC3C400994A95 /* Flick.app */ = {isa = PBXFileReference; explicitFileType = wrapper.application; includeInIndex = 0; path = Flick.app; sourceTree = BUILT_PRODUCTS_DIR; };
		2D782F451B6DC3C400994A95 /* Info.plist */ = {isa = PBXFileReference; lastKnownFileType = text.plist.xml; path = Info.plist; sourceTree = "<group>"; };
		2D782F461B6DC3C400994A95 /* AppDelegate.swift */ = {isa = PBXFileReference; lastKnownFileType = sourcecode.swift; path = AppDelegate.swift; sourceTree = "<group>"; };
		2D782F481B6DC3C400994A95 /* ViewController.swift */ = {isa = PBXFileReference; lastKnownFileType = sourcecode.swift; path = ViewController.swift; sourceTree = "<group>"; };
		2D782F4B1B6DC3C400994A95 /* Base */ = {isa = PBXFileReference; lastKnownFileType = file.storyboard; name = Base; path = Base.lproj/Main.storyboard; sourceTree = "<group>"; };
		2D782F4D1B6DC3C400994A95 /* Images.xcassets */ = {isa = PBXFileReference; lastKnownFileType = folder.assetcatalog; path = Images.xcassets; sourceTree = "<group>"; };
		2D782F501B6DC3C400994A95 /* Base */ = {isa = PBXFileReference; lastKnownFileType = file.xib; name = Base; path = Base.lproj/LaunchScreen.xib; sourceTree = "<group>"; };
		2D782F561B6DC3C500994A95 /* FlickTests.xctest */ = {isa = PBXFileReference; explicitFileType = wrapper.cfbundle; includeInIndex = 0; path = FlickTests.xctest; sourceTree = BUILT_PRODUCTS_DIR; };
		2D782F5B1B6DC3C500994A95 /* Info.plist */ = {isa = PBXFileReference; lastKnownFileType = text.plist.xml; path = Info.plist; sourceTree = "<group>"; };
		2D782F5C1B6DC3C500994A95 /* FlickTests.swift */ = {isa = PBXFileReference; lastKnownFileType = sourcecode.swift; path = FlickTests.swift; sourceTree = "<group>"; };
		2DBDDC331B6DDF22004AD039 /* ZLSwipeableView.swift */ = {isa = PBXFileReference; fileEncoding = 4; lastKnownFileType = sourcecode.swift; path = ZLSwipeableView.swift; sourceTree = "<group>"; };
		2DBDDC351B6DDF5A004AD039 /* CardView.swift */ = {isa = PBXFileReference; fileEncoding = 4; lastKnownFileType = sourcecode.swift; path = CardView.swift; sourceTree = "<group>"; };
		2E80A2B2C800EB0290C643FD /* Pods.framework */ = {isa = PBXFileReference; explicitFileType = wrapper.framework; includeInIndex = 0; path = Pods.framework; sourceTree = BUILT_PRODUCTS_DIR; };
		6252F932560FD072FD3EA9A0 /* Pods.release.xcconfig */ = {isa = PBXFileReference; includeInIndex = 1; lastKnownFileType = text.xcconfig; name = Pods.release.xcconfig; path = "Pods/Target Support Files/Pods/Pods.release.xcconfig"; sourceTree = "<group>"; };
		C0D3FBFCB9C603033B5C337B /* Pods.debug.xcconfig */ = {isa = PBXFileReference; includeInIndex = 1; lastKnownFileType = text.xcconfig; name = Pods.debug.xcconfig; path = "Pods/Target Support Files/Pods/Pods.debug.xcconfig"; sourceTree = "<group>"; };
/* End PBXFileReference section */

/* Begin PBXFrameworksBuildPhase section */
		2D782F3E1B6DC3C400994A95 /* Frameworks */ = {
			isa = PBXFrameworksBuildPhase;
			buildActionMask = 2147483647;
			files = (
				2060B4FAADB38FA3C39F6155 /* Pods.framework in Frameworks */,
			);
			runOnlyForDeploymentPostprocessing = 0;
		};
		2D782F531B6DC3C500994A95 /* Frameworks */ = {
			isa = PBXFrameworksBuildPhase;
			buildActionMask = 2147483647;
			files = (
			);
			runOnlyForDeploymentPostprocessing = 0;
		};
/* End PBXFrameworksBuildPhase section */

/* Begin PBXGroup section */
		2D782F381B6DC3C400994A95 = {
			isa = PBXGroup;
			children = (
				2D782F431B6DC3C400994A95 /* Flick */,
				2D782F591B6DC3C500994A95 /* FlickTests */,
				2D782F421B6DC3C400994A95 /* Products */,
				7FD7FDD5D5A0DA41F3DD4172 /* Pods */,
				9DCD3BB750EF1A3FE27DD4B4 /* Frameworks */,
			);
			sourceTree = "<group>";
		};
		2D782F421B6DC3C400994A95 /* Products */ = {
			isa = PBXGroup;
			children = (
				2D782F411B6DC3C400994A95 /* Flick.app */,
				2D782F561B6DC3C500994A95 /* FlickTests.xctest */,
			);
			name = Products;
			sourceTree = "<group>";
		};
		2D782F431B6DC3C400994A95 /* Flick */ = {
			isa = PBXGroup;
			children = (
				2D782F461B6DC3C400994A95 /* AppDelegate.swift */,
				2D782F481B6DC3C400994A95 /* ViewController.swift */,
				2D782F4A1B6DC3C400994A95 /* Main.storyboard */,
				2D782F4D1B6DC3C400994A95 /* Images.xcassets */,
				2D782F4F1B6DC3C400994A95 /* LaunchScreen.xib */,
				2D782F441B6DC3C400994A95 /* Supporting Files */,
				2D498F3E1B6DD6CD00461969 /* FlickViewController.swift */,
				2DBDDC331B6DDF22004AD039 /* ZLSwipeableView.swift */,
				2DBDDC351B6DDF5A004AD039 /* CardView.swift */,
				2D2FC3711B6F09CB000793A3 /* json.swift */,
				0DB89AD91B6F362900838E4F /* CatchFlickViewController.swift */,
			);
			path = Flick;
			sourceTree = "<group>";
		};
		2D782F441B6DC3C400994A95 /* Supporting Files */ = {
			isa = PBXGroup;
			children = (
				2D782F451B6DC3C400994A95 /* Info.plist */,
			);
			name = "Supporting Files";
			sourceTree = "<group>";
		};
		2D782F591B6DC3C500994A95 /* FlickTests */ = {
			isa = PBXGroup;
			children = (
				2D782F5C1B6DC3C500994A95 /* FlickTests.swift */,
				2D782F5A1B6DC3C500994A95 /* Supporting Files */,
			);
			path = FlickTests;
			sourceTree = "<group>";
		};
		2D782F5A1B6DC3C500994A95 /* Supporting Files */ = {
			isa = PBXGroup;
			children = (
				2D782F5B1B6DC3C500994A95 /* Info.plist */,
			);
			name = "Supporting Files";
			sourceTree = "<group>";
		};
		7FD7FDD5D5A0DA41F3DD4172 /* Pods */ = {
			isa = PBXGroup;
			children = (
				C0D3FBFCB9C603033B5C337B /* Pods.debug.xcconfig */,
				6252F932560FD072FD3EA9A0 /* Pods.release.xcconfig */,
			);
			name = Pods;
			sourceTree = "<group>";
		};
		9DCD3BB750EF1A3FE27DD4B4 /* Frameworks */ = {
			isa = PBXGroup;
			children = (
				2E80A2B2C800EB0290C643FD /* Pods.framework */,
			);
			name = Frameworks;
			sourceTree = "<group>";
		};
/* End PBXGroup section */

/* Begin PBXNativeTarget section */
		2D782F401B6DC3C400994A95 /* Flick */ = {
			isa = PBXNativeTarget;
			buildConfigurationList = 2D782F601B6DC3C500994A95 /* Build configuration list for PBXNativeTarget "Flick" */;
			buildPhases = (
				A82106C1AECB3D64906EB552 /* Check Pods Manifest.lock */,
				2D782F3D1B6DC3C400994A95 /* Sources */,
				2D782F3E1B6DC3C400994A95 /* Frameworks */,
				2D782F3F1B6DC3C400994A95 /* Resources */,
				7AFFCA7A6A4E18FE840EA1AB /* Copy Pods Resources */,
				28F81564C80D3E3D0D09F22F /* Embed Pods Frameworks */,
			);
			buildRules = (
			);
			dependencies = (
			);
			name = Flick;
			productName = Flick;
			productReference = 2D782F411B6DC3C400994A95 /* Flick.app */;
			productType = "com.apple.product-type.application";
		};
		2D782F551B6DC3C500994A95 /* FlickTests */ = {
			isa = PBXNativeTarget;
			buildConfigurationList = 2D782F631B6DC3C500994A95 /* Build configuration list for PBXNativeTarget "FlickTests" */;
			buildPhases = (
				2D782F521B6DC3C500994A95 /* Sources */,
				2D782F531B6DC3C500994A95 /* Frameworks */,
				2D782F541B6DC3C500994A95 /* Resources */,
			);
			buildRules = (
			);
			dependencies = (
				2D782F581B6DC3C500994A95 /* PBXTargetDependency */,
			);
			name = FlickTests;
			productName = FlickTests;
			productReference = 2D782F561B6DC3C500994A95 /* FlickTests.xctest */;
			productType = "com.apple.product-type.bundle.unit-test";
		};
/* End PBXNativeTarget section */

/* Begin PBXProject section */
		2D782F391B6DC3C400994A95 /* Project object */ = {
			isa = PBXProject;
			attributes = {
				LastUpgradeCheck = 0640;
				ORGANIZATIONNAME = takaaki;
				TargetAttributes = {
					2D782F401B6DC3C400994A95 = {
						CreatedOnToolsVersion = 6.4;
					};
					2D782F551B6DC3C500994A95 = {
						CreatedOnToolsVersion = 6.4;
						TestTargetID = 2D782F401B6DC3C400994A95;
					};
				};
			};
			buildConfigurationList = 2D782F3C1B6DC3C400994A95 /* Build configuration list for PBXProject "Flick" */;
			compatibilityVersion = "Xcode 3.2";
			developmentRegion = English;
			hasScannedForEncodings = 0;
			knownRegions = (
				en,
				Base,
			);
			mainGroup = 2D782F381B6DC3C400994A95;
			productRefGroup = 2D782F421B6DC3C400994A95 /* Products */;
			projectDirPath = "";
			projectRoot = "";
			targets = (
				2D782F401B6DC3C400994A95 /* Flick */,
				2D782F551B6DC3C500994A95 /* FlickTests */,
			);
		};
/* End PBXProject section */

/* Begin PBXResourcesBuildPhase section */
		2D782F3F1B6DC3C400994A95 /* Resources */ = {
			isa = PBXResourcesBuildPhase;
			buildActionMask = 2147483647;
			files = (
				2D782F4C1B6DC3C400994A95 /* Main.storyboard in Resources */,
				2D782F511B6DC3C400994A95 /* LaunchScreen.xib in Resources */,
				2D782F4E1B6DC3C400994A95 /* Images.xcassets in Resources */,
			);
			runOnlyForDeploymentPostprocessing = 0;
		};
		2D782F541B6DC3C500994A95 /* Resources */ = {
			isa = PBXResourcesBuildPhase;
			buildActionMask = 2147483647;
			files = (
			);
			runOnlyForDeploymentPostprocessing = 0;
		};
/* End PBXResourcesBuildPhase section */

/* Begin PBXShellScriptBuildPhase section */
		28F81564C80D3E3D0D09F22F /* Embed Pods Frameworks */ = {
			isa = PBXShellScriptBuildPhase;
			buildActionMask = 2147483647;
			files = (
			);
			inputPaths = (
			);
			name = "Embed Pods Frameworks";
			outputPaths = (
			);
			runOnlyForDeploymentPostprocessing = 0;
			shellPath = /bin/sh;
			shellScript = "\"${SRCROOT}/Pods/Target Support Files/Pods/Pods-frameworks.sh\"\n";
			showEnvVarsInLog = 0;
		};
		7AFFCA7A6A4E18FE840EA1AB /* Copy Pods Resources */ = {
			isa = PBXShellScriptBuildPhase;
			buildActionMask = 2147483647;
			files = (
			);
			inputPaths = (
			);
			name = "Copy Pods Resources";
			outputPaths = (
			);
			runOnlyForDeploymentPostprocessing = 0;
			shellPath = /bin/sh;
			shellScript = "\"${SRCROOT}/Pods/Target Support Files/Pods/Pods-resources.sh\"\n";
			showEnvVarsInLog = 0;
		};
		A82106C1AECB3D64906EB552 /* Check Pods Manifest.lock */ = {
			isa = PBXShellScriptBuildPhase;
			buildActionMask = 2147483647;
			files = (
			);
			inputPaths = (
			);
			name = "Check Pods Manifest.lock";
			outputPaths = (
			);
			runOnlyForDeploymentPostprocessing = 0;
			shellPath = /bin/sh;
			shellScript = "diff \"${PODS_ROOT}/../Podfile.lock\" \"${PODS_ROOT}/Manifest.lock\" > /dev/null\nif [[ $? != 0 ]] ; then\n    cat << EOM\nerror: The sandbox is not in sync with the Podfile.lock. Run 'pod install' or update your CocoaPods installation.\nEOM\n    exit 1\nfi\n";
			showEnvVarsInLog = 0;
		};
/* End PBXShellScriptBuildPhase section */

/* Begin PBXSourcesBuildPhase section */
		2D782F3D1B6DC3C400994A95 /* Sources */ = {
			isa = PBXSourcesBuildPhase;
			buildActionMask = 2147483647;
			files = (
				2DBDDC361B6DDF5A004AD039 /* CardView.swift in Sources */,
				2D782F491B6DC3C400994A95 /* ViewController.swift in Sources */,
				2DBDDC341B6DDF22004AD039 /* ZLSwipeableView.swift in Sources */,
				2D782F471B6DC3C400994A95 /* AppDelegate.swift in Sources */,
				2D498F3F1B6DD6CD00461969 /* FlickViewController.swift in Sources */,
				2D2FC3721B6F09CB000793A3 /* json.swift in Sources */,
			);
			runOnlyForDeploymentPostprocessing = 0;
		};
		2D782F521B6DC3C500994A95 /* Sources */ = {
			isa = PBXSourcesBuildPhase;
			buildActionMask = 2147483647;
			files = (
				2D782F5D1B6DC3C500994A95 /* FlickTests.swift in Sources */,
			);
			runOnlyForDeploymentPostprocessing = 0;
		};
/* End PBXSourcesBuildPhase section */

/* Begin PBXTargetDependency section */
		2D782F581B6DC3C500994A95 /* PBXTargetDependency */ = {
			isa = PBXTargetDependency;
			target = 2D782F401B6DC3C400994A95 /* Flick */;
			targetProxy = 2D782F571B6DC3C500994A95 /* PBXContainerItemProxy */;
		};
/* End PBXTargetDependency section */

/* Begin PBXVariantGroup section */
		2D782F4A1B6DC3C400994A95 /* Main.storyboard */ = {
			isa = PBXVariantGroup;
			children = (
				2D782F4B1B6DC3C400994A95 /* Base */,
			);
			name = Main.storyboard;
			sourceTree = "<group>";
		};
		2D782F4F1B6DC3C400994A95 /* LaunchScreen.xib */ = {
			isa = PBXVariantGroup;
			children = (
				2D782F501B6DC3C400994A95 /* Base */,
			);
			name = LaunchScreen.xib;
			sourceTree = "<group>";
		};
/* End PBXVariantGroup section */

/* Begin XCBuildConfiguration section */
		2D782F5E1B6DC3C500994A95 /* Debug */ = {
			isa = XCBuildConfiguration;
			buildSettings = {
				ALWAYS_SEARCH_USER_PATHS = NO;
				CLANG_CXX_LANGUAGE_STANDARD = "gnu++0x";
				CLANG_CXX_LIBRARY = "libc++";
				CLANG_ENABLE_MODULES = YES;
				CLANG_ENABLE_OBJC_ARC = YES;
				CLANG_WARN_BOOL_CONVERSION = YES;
				CLANG_WARN_CONSTANT_CONVERSION = YES;
				CLANG_WARN_DIRECT_OBJC_ISA_USAGE = YES_ERROR;
				CLANG_WARN_EMPTY_BODY = YES;
				CLANG_WARN_ENUM_CONVERSION = YES;
				CLANG_WARN_INT_CONVERSION = YES;
				CLANG_WARN_OBJC_ROOT_CLASS = YES_ERROR;
				CLANG_WARN_UNREACHABLE_CODE = YES;
				CLANG_WARN__DUPLICATE_METHOD_MATCH = YES;
				"CODE_SIGN_IDENTITY[sdk=iphoneos*]" = "iPhone Developer";
				COPY_PHASE_STRIP = NO;
				DEBUG_INFORMATION_FORMAT = "dwarf-with-dsym";
				ENABLE_STRICT_OBJC_MSGSEND = YES;
				GCC_C_LANGUAGE_STANDARD = gnu99;
				GCC_DYNAMIC_NO_PIC = NO;
				GCC_NO_COMMON_BLOCKS = YES;
				GCC_OPTIMIZATION_LEVEL = 0;
				GCC_PREPROCESSOR_DEFINITIONS = (
					"DEBUG=1",
					"$(inherited)",
				);
				GCC_SYMBOLS_PRIVATE_EXTERN = NO;
				GCC_WARN_64_TO_32_BIT_CONVERSION = YES;
				GCC_WARN_ABOUT_RETURN_TYPE = YES_ERROR;
				GCC_WARN_UNDECLARED_SELECTOR = YES;
				GCC_WARN_UNINITIALIZED_AUTOS = YES_AGGRESSIVE;
				GCC_WARN_UNUSED_FUNCTION = YES;
				GCC_WARN_UNUSED_VARIABLE = YES;
				IPHONEOS_DEPLOYMENT_TARGET = 8.4;
				MTL_ENABLE_DEBUG_INFO = YES;
				ONLY_ACTIVE_ARCH = YES;
				SDKROOT = iphoneos;
				SWIFT_OPTIMIZATION_LEVEL = "-Onone";
			};
			name = Debug;
		};
		2D782F5F1B6DC3C500994A95 /* Release */ = {
			isa = XCBuildConfiguration;
			buildSettings = {
				ALWAYS_SEARCH_USER_PATHS = NO;
				CLANG_CXX_LANGUAGE_STANDARD = "gnu++0x";
				CLANG_CXX_LIBRARY = "libc++";
				CLANG_ENABLE_MODULES = YES;
				CLANG_ENABLE_OBJC_ARC = YES;
				CLANG_WARN_BOOL_CONVERSION = YES;
				CLANG_WARN_CONSTANT_CONVERSION = YES;
				CLANG_WARN_DIRECT_OBJC_ISA_USAGE = YES_ERROR;
				CLANG_WARN_EMPTY_BODY = YES;
				CLANG_WARN_ENUM_CONVERSION = YES;
				CLANG_WARN_INT_CONVERSION = YES;
				CLANG_WARN_OBJC_ROOT_CLASS = YES_ERROR;
				CLANG_WARN_UNREACHABLE_CODE = YES;
				CLANG_WARN__DUPLICATE_METHOD_MATCH = YES;
				"CODE_SIGN_IDENTITY[sdk=iphoneos*]" = "iPhone Developer";
				COPY_PHASE_STRIP = NO;
				DEBUG_INFORMATION_FORMAT = "dwarf-with-dsym";
				ENABLE_NS_ASSERTIONS = NO;
				ENABLE_STRICT_OBJC_MSGSEND = YES;
				GCC_C_LANGUAGE_STANDARD = gnu99;
				GCC_NO_COMMON_BLOCKS = YES;
				GCC_WARN_64_TO_32_BIT_CONVERSION = YES;
				GCC_WARN_ABOUT_RETURN_TYPE = YES_ERROR;
				GCC_WARN_UNDECLARED_SELECTOR = YES;
				GCC_WARN_UNINITIALIZED_AUTOS = YES_AGGRESSIVE;
				GCC_WARN_UNUSED_FUNCTION = YES;
				GCC_WARN_UNUSED_VARIABLE = YES;
				IPHONEOS_DEPLOYMENT_TARGET = 8.4;
				MTL_ENABLE_DEBUG_INFO = NO;
				SDKROOT = iphoneos;
				VALIDATE_PRODUCT = YES;
			};
			name = Release;
		};
		2D782F611B6DC3C500994A95 /* Debug */ = {
			isa = XCBuildConfiguration;
			baseConfigurationReference = C0D3FBFCB9C603033B5C337B /* Pods.debug.xcconfig */;
			buildSettings = {
				ASSETCATALOG_COMPILER_APPICON_NAME = AppIcon;
				INFOPLIST_FILE = Flick/Info.plist;
				LD_RUNPATH_SEARCH_PATHS = "$(inherited) @executable_path/Frameworks";
				PRODUCT_NAME = "$(TARGET_NAME)";
			};
			name = Debug;
		};
		2D782F621B6DC3C500994A95 /* Release */ = {
			isa = XCBuildConfiguration;
			baseConfigurationReference = 6252F932560FD072FD3EA9A0 /* Pods.release.xcconfig */;
			buildSettings = {
				ASSETCATALOG_COMPILER_APPICON_NAME = AppIcon;
				INFOPLIST_FILE = Flick/Info.plist;
				LD_RUNPATH_SEARCH_PATHS = "$(inherited) @executable_path/Frameworks";
				PRODUCT_NAME = "$(TARGET_NAME)";
			};
			name = Release;
		};
		2D782F641B6DC3C500994A95 /* Debug */ = {
			isa = XCBuildConfiguration;
			buildSettings = {
				BUNDLE_LOADER = "$(TEST_HOST)";
				FRAMEWORK_SEARCH_PATHS = (
					"$(SDKROOT)/Developer/Library/Frameworks",
					"$(inherited)",
				);
				GCC_PREPROCESSOR_DEFINITIONS = (
					"DEBUG=1",
					"$(inherited)",
				);
				INFOPLIST_FILE = FlickTests/Info.plist;
				LD_RUNPATH_SEARCH_PATHS = "$(inherited) @executable_path/Frameworks @loader_path/Frameworks";
				PRODUCT_NAME = "$(TARGET_NAME)";
				TEST_HOST = "$(BUILT_PRODUCTS_DIR)/Flick.app/Flick";
			};
			name = Debug;
		};
		2D782F651B6DC3C500994A95 /* Release */ = {
			isa = XCBuildConfiguration;
			buildSettings = {
				BUNDLE_LOADER = "$(TEST_HOST)";
				FRAMEWORK_SEARCH_PATHS = (
					"$(SDKROOT)/Developer/Library/Frameworks",
					"$(inherited)",
				);
				INFOPLIST_FILE = FlickTests/Info.plist;
				LD_RUNPATH_SEARCH_PATHS = "$(inherited) @executable_path/Frameworks @loader_path/Frameworks";
				PRODUCT_NAME = "$(TARGET_NAME)";
				TEST_HOST = "$(BUILT_PRODUCTS_DIR)/Flick.app/Flick";
			};
			name = Release;
		};
/* End XCBuildConfiguration section */

/* Begin XCConfigurationList section */
		2D782F3C1B6DC3C400994A95 /* Build configuration list for PBXProject "Flick" */ = {
			isa = XCConfigurationList;
			buildConfigurations = (
				2D782F5E1B6DC3C500994A95 /* Debug */,
				2D782F5F1B6DC3C500994A95 /* Release */,
			);
			defaultConfigurationIsVisible = 0;
			defaultConfigurationName = Release;
		};
		2D782F601B6DC3C500994A95 /* Build configuration list for PBXNativeTarget "Flick" */ = {
			isa = XCConfigurationList;
			buildConfigurations = (
				2D782F611B6DC3C500994A95 /* Debug */,
				2D782F621B6DC3C500994A95 /* Release */,
			);
			defaultConfigurationIsVisible = 0;
			defaultConfigurationName = Release;
		};
		2D782F631B6DC3C500994A95 /* Build configuration list for PBXNativeTarget "FlickTests" */ = {
			isa = XCConfigurationList;
			buildConfigurations = (
				2D782F641B6DC3C500994A95 /* Debug */,
				2D782F651B6DC3C500994A95 /* Release */,
			);
			defaultConfigurationIsVisible = 0;
			defaultConfigurationName = Release;
		};
/* End XCConfigurationList section */
	};
	rootObject = 2D782F391B6DC3C400994A95 /* Project object */;
}
